
Microsoft Visual Studio Solution File, Format Version 12.00
# Visual Studio 2012
Project("{FAE04EC0-301F-11D3-BF4B-00C04F79EFBC}") = "PiensaBinario", "PiensaBinario\PiensaBinario.csproj", "{6D6C2B40-4655-4039-8ABE-873BBD4AB1CE}"
EndProject
Project("{FAE04EC0-301F-11D3-BF4B-00C04F79EFBC}") = "TesteaBinario", "TesteaBinario\TesteaBinario.csproj", "{AB5E7CAD-9652-4EE3-B03B-EB193C9893FE}"
EndProject
Global
	GlobalSection(SolutionConfigurationPlatforms) = preSolution
		Debug|Any CPU = Debug|Any CPU
		Release|Any CPU = Release|Any CPU
	EndGlobalSection
	GlobalSection(ProjectConfigurationPlatforms) = postSolution
		{6D6C2B40-4655-4039-8ABE-873BBD4AB1CE}.Debug|Any CPU.ActiveCfg = Debug|Any CPU
		{6D6C2B40-4655-4039-8ABE-873BBD4AB1CE}.Debug|Any CPU.Build.0 = Debug|Any CPU
		{6D6C2B40-4655-4039-8ABE-873BBD4AB1CE}.Release|Any CPU.ActiveCfg = Release|Any CPU
		{6D6C2B40-4655-4039-8ABE-873BBD4AB1CE}.Release|Any CPU.Build.0 = Release|Any CPU
		{AB5E7CAD-9652-4EE3-B03B-EB193C9893FE}.Debug|Any CPU.ActiveCfg = Debug|Any CPU
		{AB5E7CAD-9652-4EE3-B03B-EB193C9893FE}.Debug|Any CPU.Build.0 = Debug|Any CPU
		{AB5E7CAD-9652-4EE3-B03B-EB193C9893FE}.Release|Any CPU.ActiveCfg = Release|Any CPU
		{AB5E7CAD-9652-4EE3-B03B-EB193C9893FE}.Release|Any CPU.Build.0 = Release|Any CPU
	EndGlobalSection
	GlobalSection(SolutionProperties) = preSolution
		HideSolutionNode = FALSE
	EndGlobalSection
EndGlobal
